{
  "object": {
    "pins": [
      {
        "package": "core_open2fa",
        "repositoryURL": "https://github.com/AginSquash/core-open2fa",
        "state": {
          "branch": null,
          "revision": "32435b687691f093a6e37a4b9fddcc3846c0b20a",
          "version": "1.4.0"
        }
      },
      {
        "package": "CryptoSwift",
        "repositoryURL": "https://github.com/krzyzanowskim/CryptoSwift",
        "state": {
          "branch": null,
          "revision": "39f08ac5269361a50c08ce1e2f41989bfc4b1ec8",
          "version": "1.3.1"
        }
      },
      {
        "package": "SwiftOTP",
        "repositoryURL": "https://github.com/lachlanbell/SwiftOTP.git",
        "state": {
          "branch": null,
          "revision": "b45615e2dec54bde1d00f75f4e325685946ccf91",
          "version": "2.0.1"
        }
      }
    ]
  },
  "version": 1
}
