{
  "object": {
    "pins": [
      {
        "package": "CodeScanner",
        "repositoryURL": "https://github.com/twostraws/CodeScanner",
        "state": {
          "branch": null,
          "revision": "9d902dec616bd70b1a2a1b1e6d821c10c392ba9f",
          "version": "1.0.6"
        }
      },
      {
        "package": "core_open2fa",
        "repositoryURL": "https://github.com/AginSquash/core-open2fa",
        "state": {
          "branch": null,
          "revision": "2aeca8ed35729b497f201b058adcdb543d778eb4",
          "version": "3.0.0"
        }
      },
      {
        "package": "CryptoSwift",
        "repositoryURL": "https://github.com/krzyzanowskim/CryptoSwift",
        "state": {
          "branch": null,
          "revision": "39f08ac5269361a50c08ce1e2f41989bfc4b1ec8",
          "version": "1.3.1"
        }
      },
      {
        "package": "SwiftOTP",
        "repositoryURL": "https://github.com/lachlanbell/SwiftOTP.git",
        "state": {
          "branch": null,
          "revision": "b45615e2dec54bde1d00f75f4e325685946ccf91",
          "version": "2.0.1"
        }
      }
    ]
  },
  "version": 1
}
