// !$*UTF8*$!
{
	archiveVersion = 1;
	classes = {
	};
	objectVersion = 52;
	objects = {

/* Begin PBXBuildFile section */
		CD87B4D0246F53B800E04D70 /* AppDelegate.swift in Sources */ = {isa = PBXBuildFile; fileRef = CD87B4CF246F53B800E04D70 /* AppDelegate.swift */; };
		CD87B4D2246F53B800E04D70 /* SceneDelegate.swift in Sources */ = {isa = PBXBuildFile; fileRef = CD87B4D1246F53B800E04D70 /* SceneDelegate.swift */; };
		CD87B4D4246F53B800E04D70 /* ContentView.swift in Sources */ = {isa = PBXBuildFile; fileRef = CD87B4D3246F53B800E04D70 /* ContentView.swift */; };
		CD87B4D6246F53B900E04D70 /* Assets.xcassets in Resources */ = {isa = PBXBuildFile; fileRef = CD87B4D5246F53B900E04D70 /* Assets.xcassets */; };
		CD87B4D9246F53B900E04D70 /* Preview Assets.xcassets in Resources */ = {isa = PBXBuildFile; fileRef = CD87B4D8246F53B900E04D70 /* Preview Assets.xcassets */; };
		CD87B4DC246F53B900E04D70 /* LaunchScreen.storyboard in Resources */ = {isa = PBXBuildFile; fileRef = CD87B4DA246F53B900E04D70 /* LaunchScreen.storyboard */; };
		CD87B4E5246F53EB00E04D70 /* core-open2fa in Frameworks */ = {isa = PBXBuildFile; productRef = CD87B4E4246F53EB00E04D70 /* core-open2fa */; };
/* End PBXBuildFile section */

/* Begin PBXFileReference section */
		CD87B4CC246F53B800E04D70 /* open2fa.app */ = {isa = PBXFileReference; explicitFileType = wrapper.application; includeInIndex = 0; path = open2fa.app; sourceTree = BUILT_PRODUCTS_DIR; };
		CD87B4CF246F53B800E04D70 /* AppDelegate.swift */ = {isa = PBXFileReference; lastKnownFileType = sourcecode.swift; path = AppDelegate.swift; sourceTree = "<group>"; };
		CD87B4D1246F53B800E04D70 /* SceneDelegate.swift */ = {isa = PBXFileReference; lastKnownFileType = sourcecode.swift; path = SceneDelegate.swift; sourceTree = "<group>"; };
		CD87B4D3246F53B800E04D70 /* ContentView.swift */ = {isa = PBXFileReference; lastKnownFileType = sourcecode.swift; path = ContentView.swift; sourceTree = "<group>"; };
		CD87B4D5246F53B900E04D70 /* Assets.xcassets */ = {isa = PBXFileReference; lastKnownFileType = folder.assetcatalog; path = Assets.xcassets; sourceTree = "<group>"; };
		CD87B4D8246F53B900E04D70 /* Preview Assets.xcassets */ = {isa = PBXFileReference; lastKnownFileType = folder.assetcatalog; path = "Preview Assets.xcassets"; sourceTree = "<group>"; };
		CD87B4DB246F53B900E04D70 /* Base */ = {isa = PBXFileReference; lastKnownFileType = file.storyboard; name = Base; path = Base.lproj/LaunchScreen.storyboard; sourceTree = "<group>"; };
		CD87B4DD246F53B900E04D70 /* Info.plist */ = {isa = PBXFileReference; lastKnownFileType = text.plist.xml; path = Info.plist; sourceTree = "<group>"; };
/* End PBXFileReference section */

/* Begin PBXFrameworksBuildPhase section */
		CD87B4C9246F53B800E04D70 /* Frameworks */ = {
			isa = PBXFrameworksBuildPhase;
			buildActionMask = 2147483647;
			files = (
				CD87B4E5246F53EB00E04D70 /* core-open2fa in Frameworks */,
			);
			runOnlyForDeploymentPostprocessing = 0;
		};
/* End PBXFrameworksBuildPhase section */

/* Begin PBXGroup section */
		CD87B4C3246F53B800E04D70 = {
			isa = PBXGroup;
			children = (
				CD87B4CE246F53B800E04D70 /* open2fa */,
				CD87B4CD246F53B800E04D70 /* Products */,
			);
			sourceTree = "<group>";
		};
		CD87B4CD246F53B800E04D70 /* Products */ = {
			isa = PBXGroup;
			children = (
				CD87B4CC246F53B800E04D70 /* open2fa.app */,
			);
			name = Products;
			sourceTree = "<group>";
		};
		CD87B4CE246F53B800E04D70 /* open2fa */ = {
			isa = PBXGroup;
			children = (
				CD87B4CF246F53B800E04D70 /* AppDelegate.swift */,
				CD87B4D1246F53B800E04D70 /* SceneDelegate.swift */,
				CD87B4D3246F53B800E04D70 /* ContentView.swift */,
				CD87B4D5246F53B900E04D70 /* Assets.xcassets */,
				CD87B4DA246F53B900E04D70 /* LaunchScreen.storyboard */,
				CD87B4DD246F53B900E04D70 /* Info.plist */,
				CD87B4D7246F53B900E04D70 /* Preview Content */,
			);
			path = open2fa;
			sourceTree = "<group>";
		};
		CD87B4D7246F53B900E04D70 /* Preview Content */ = {
			isa = PBXGroup;
			children = (
				CD87B4D8246F53B900E04D70 /* Preview Assets.xcassets */,
			);
			path = "Preview Content";
			sourceTree = "<group>";
		};
/* End PBXGroup section */

/* Begin PBXNativeTarget section */
		CD87B4CB246F53B800E04D70 /* open2fa */ = {
			isa = PBXNativeTarget;
			buildConfigurationList = CD87B4E0246F53B900E04D70 /* Build configuration list for PBXNativeTarget "open2fa" */;
			buildPhases = (
				CD87B4C8246F53B800E04D70 /* Sources */,
				CD87B4C9246F53B800E04D70 /* Frameworks */,
				CD87B4CA246F53B800E04D70 /* Resources */,
			);
			buildRules = (
			);
			dependencies = (
			);
			name = open2fa;
			packageProductDependencies = (
				CD87B4E4246F53EB00E04D70 /* core-open2fa */,
			);
			productName = open2fa;
			productReference = CD87B4CC246F53B800E04D70 /* open2fa.app */;
			productType = "com.apple.product-type.application";
		};
/* End PBXNativeTarget section */

/* Begin PBXProject section */
		CD87B4C4246F53B800E04D70 /* Project object */ = {
			isa = PBXProject;
			attributes = {
				LastSwiftUpdateCheck = 1140;
				LastUpgradeCheck = 1140;
				ORGANIZATIONNAME = "Vlad Vrublevsky";
				TargetAttributes = {
					CD87B4CB246F53B800E04D70 = {
						CreatedOnToolsVersion = 11.4.1;
					};
				};
			};
			buildConfigurationList = CD87B4C7246F53B800E04D70 /* Build configuration list for PBXProject "open2fa" */;
			compatibilityVersion = "Xcode 9.3";
			developmentRegion = en;
			hasScannedForEncodings = 0;
			knownRegions = (
				en,
				Base,
			);
			mainGroup = CD87B4C3246F53B800E04D70;
			packageReferences = (
				CD87B4E3246F53EB00E04D70 /* XCRemoteSwiftPackageReference "core-open2fa" */,
			);
			productRefGroup = CD87B4CD246F53B800E04D70 /* Products */;
			projectDirPath = "";
			projectRoot = "";
			targets = (
				CD87B4CB246F53B800E04D70 /* open2fa */,
			);
		};
/* End PBXProject section */

/* Begin PBXResourcesBuildPhase section */
		CD87B4CA246F53B800E04D70 /* Resources */ = {
			isa = PBXResourcesBuildPhase;
			buildActionMask = 2147483647;
			files = (
				CD87B4DC246F53B900E04D70 /* LaunchScreen.storyboard in Resources */,
				CD87B4D9246F53B900E04D70 /* Preview Assets.xcassets in Resources */,
				CD87B4D6246F53B900E04D70 /* Assets.xcassets in Resources */,
			);
			runOnlyForDeploymentPostprocessing = 0;
		};
/* End PBXResourcesBuildPhase section */

/* Begin PBXSourcesBuildPhase section */
		CD87B4C8246F53B800E04D70 /* Sources */ = {
			isa = PBXSourcesBuildPhase;
			buildActionMask = 2147483647;
			files = (
				CD87B4D0246F53B800E04D70 /* AppDelegate.swift in Sources */,
				CD87B4D2246F53B800E04D70 /* SceneDelegate.swift in Sources */,
				CD87B4D4246F53B800E04D70 /* ContentView.swift in Sources */,
			);
			runOnlyForDeploymentPostprocessing = 0;
		};
/* End PBXSourcesBuildPhase section */

/* Begin PBXVariantGroup section */
		CD87B4DA246F53B900E04D70 /* LaunchScreen.storyboard */ = {
			isa = PBXVariantGroup;
			children = (
				CD87B4DB246F53B900E04D70 /* Base */,
			);
			name = LaunchScreen.storyboard;
			sourceTree = "<group>";
		};
/* End PBXVariantGroup section */

/* Begin XCBuildConfiguration section */
		CD87B4DE246F53B900E04D70 /* Debug */ = {
			isa = XCBuildConfiguration;
			buildSettings = {
				ALWAYS_SEARCH_USER_PATHS = NO;
				CLANG_ANALYZER_NONNULL = YES;
				CLANG_ANALYZER_NUMBER_OBJECT_CONVERSION = YES_AGGRESSIVE;
				CLANG_CXX_LANGUAGE_STANDARD = "gnu++14";
				CLANG_CXX_LIBRARY = "libc++";
				CLANG_ENABLE_MODULES = YES;
				CLANG_ENABLE_OBJC_ARC = YES;
				CLANG_ENABLE_OBJC_WEAK = YES;
				CLANG_WARN_BLOCK_CAPTURE_AUTORELEASING = YES;
				CLANG_WARN_BOOL_CONVERSION = YES;
				CLANG_WARN_COMMA = YES;
				CLANG_WARN_CONSTANT_CONVERSION = YES;
				CLANG_WARN_DEPRECATED_OBJC_IMPLEMENTATIONS = YES;
				CLANG_WARN_DIRECT_OBJC_ISA_USAGE = YES_ERROR;
				CLANG_WARN_DOCUMENTATION_COMMENTS = YES;
				CLANG_WARN_EMPTY_BODY = YES;
				CLANG_WARN_ENUM_CONVERSION = YES;
				CLANG_WARN_INFINITE_RECURSION = YES;
				CLANG_WARN_INT_CONVERSION = YES;
				CLANG_WARN_NON_LITERAL_NULL_CONVERSION = YES;
				CLANG_WARN_OBJC_IMPLICIT_RETAIN_SELF = YES;
				CLANG_WARN_OBJC_LITERAL_CONVERSION = YES;
				CLANG_WARN_OBJC_ROOT_CLASS = YES_ERROR;
				CLANG_WARN_RANGE_LOOP_ANALYSIS = YES;
				CLANG_WARN_STRICT_PROTOTYPES = YES;
				CLANG_WARN_SUSPICIOUS_MOVE = YES;
				CLANG_WARN_UNGUARDED_AVAILABILITY = YES_AGGRESSIVE;
				CLANG_WARN_UNREACHABLE_CODE = YES;
				CLANG_WARN__DUPLICATE_METHOD_MATCH = YES;
				COPY_PHASE_STRIP = NO;
				DEBUG_INFORMATION_FORMAT = dwarf;
				ENABLE_STRICT_OBJC_MSGSEND = YES;
				ENABLE_TESTABILITY = YES;
				GCC_C_LANGUAGE_STANDARD = gnu11;
				GCC_DYNAMIC_NO_PIC = NO;
				GCC_NO_COMMON_BLOCKS = YES;
				GCC_OPTIMIZATION_LEVEL = 0;
				GCC_PREPROCESSOR_DEFINITIONS = (
					"DEBUG=1",
					"$(inherited)",
				);
				GCC_WARN_64_TO_32_BIT_CONVERSION = YES;
				GCC_WARN_ABOUT_RETURN_TYPE = YES_ERROR;
				GCC_WARN_UNDECLARED_SELECTOR = YES;
				GCC_WARN_UNINITIALIZED_AUTOS = YES_AGGRESSIVE;
				GCC_WARN_UNUSED_FUNCTION = YES;
				GCC_WARN_UNUSED_VARIABLE = YES;
				IPHONEOS_DEPLOYMENT_TARGET = 13.4;
				MTL_ENABLE_DEBUG_INFO = INCLUDE_SOURCE;
				MTL_FAST_MATH = YES;
				ONLY_ACTIVE_ARCH = YES;
				SDKROOT = iphoneos;
				SWIFT_ACTIVE_COMPILATION_CONDITIONS = DEBUG;
				SWIFT_OPTIMIZATION_LEVEL = "-Onone";
			};
			name = Debug;
		};
		CD87B4DF246F53B900E04D70 /* Release */ = {
			isa = XCBuildConfiguration;
			buildSettings = {
				ALWAYS_SEARCH_USER_PATHS = NO;
				CLANG_ANALYZER_NONNULL = YES;
				CLANG_ANALYZER_NUMBER_OBJECT_CONVERSION = YES_AGGRESSIVE;
				CLANG_CXX_LANGUAGE_STANDARD = "gnu++14";
				CLANG_CXX_LIBRARY = "libc++";
				CLANG_ENABLE_MODULES = YES;
				CLANG_ENABLE_OBJC_ARC = YES;
				CLANG_ENABLE_OBJC_WEAK = YES;
				CLANG_WARN_BLOCK_CAPTURE_AUTORELEASING = YES;
				CLANG_WARN_BOOL_CONVERSION = YES;
				CLANG_WARN_COMMA = YES;
				CLANG_WARN_CONSTANT_CONVERSION = YES;
				CLANG_WARN_DEPRECATED_OBJC_IMPLEMENTATIONS = YES;
				CLANG_WARN_DIRECT_OBJC_ISA_USAGE = YES_ERROR;
				CLANG_WARN_DOCUMENTATION_COMMENTS = YES;
				CLANG_WARN_EMPTY_BODY = YES;
				CLANG_WARN_ENUM_CONVERSION = YES;
				CLANG_WARN_INFINITE_RECURSION = YES;
				CLANG_WARN_INT_CONVERSION = YES;
				CLANG_WARN_NON_LITERAL_NULL_CONVERSION = YES;
				CLANG_WARN_OBJC_IMPLICIT_RETAIN_SELF = YES;
				CLANG_WARN_OBJC_LITERAL_CONVERSION = YES;
				CLANG_WARN_OBJC_ROOT_CLASS = YES_ERROR;
				CLANG_WARN_RANGE_LOOP_ANALYSIS = YES;
				CLANG_WARN_STRICT_PROTOTYPES = YES;
				CLANG_WARN_SUSPICIOUS_MOVE = YES;
				CLANG_WARN_UNGUARDED_AVAILABILITY = YES_AGGRESSIVE;
				CLANG_WARN_UNREACHABLE_CODE = YES;
				CLANG_WARN__DUPLICATE_METHOD_MATCH = YES;
				COPY_PHASE_STRIP = NO;
				DEBUG_INFORMATION_FORMAT = "dwarf-with-dsym";
				ENABLE_NS_ASSERTIONS = NO;
				ENABLE_STRICT_OBJC_MSGSEND = YES;
				GCC_C_LANGUAGE_STANDARD = gnu11;
				GCC_NO_COMMON_BLOCKS = YES;
				GCC_WARN_64_TO_32_BIT_CONVERSION = YES;
				GCC_WARN_ABOUT_RETURN_TYPE = YES_ERROR;
				GCC_WARN_UNDECLARED_SELECTOR = YES;
				GCC_WARN_UNINITIALIZED_AUTOS = YES_AGGRESSIVE;
				GCC_WARN_UNUSED_FUNCTION = YES;
				GCC_WARN_UNUSED_VARIABLE = YES;
				IPHONEOS_DEPLOYMENT_TARGET = 13.4;
				MTL_ENABLE_DEBUG_INFO = NO;
				MTL_FAST_MATH = YES;
				SDKROOT = iphoneos;
				SWIFT_COMPILATION_MODE = wholemodule;
				SWIFT_OPTIMIZATION_LEVEL = "-O";
				VALIDATE_PRODUCT = YES;
			};
			name = Release;
		};
		CD87B4E1246F53B900E04D70 /* Debug */ = {
			isa = XCBuildConfiguration;
			buildSettings = {
				ASSETCATALOG_COMPILER_APPICON_NAME = AppIcon;
				CODE_SIGN_STYLE = Automatic;
				DEVELOPMENT_ASSET_PATHS = "\"open2fa/Preview Content\"";
				DEVELOPMENT_TEAM = Z7788V56C7;
				ENABLE_PREVIEWS = YES;
				INFOPLIST_FILE = open2fa/Info.plist;
				LD_RUNPATH_SEARCH_PATHS = (
					"$(inherited)",
					"@executable_path/Frameworks",
				);
				PRODUCT_BUNDLE_IDENTIFIER = com.vladvrublevsky.open2fa;
				PRODUCT_NAME = "$(TARGET_NAME)";
				SWIFT_VERSION = 5.0;
				TARGETED_DEVICE_FAMILY = "1,2";
			};
			name = Debug;
		};
		CD87B4E2246F53B900E04D70 /* Release */ = {
			isa = XCBuildConfiguration;
			buildSettings = {
				ASSETCATALOG_COMPILER_APPICON_NAME = AppIcon;
				CODE_SIGN_STYLE = Automatic;
				DEVELOPMENT_ASSET_PATHS = "\"open2fa/Preview Content\"";
				DEVELOPMENT_TEAM = Z7788V56C7;
				ENABLE_PREVIEWS = YES;
				INFOPLIST_FILE = open2fa/Info.plist;
				LD_RUNPATH_SEARCH_PATHS = (
					"$(inherited)",
					"@executable_path/Frameworks",
				);
				PRODUCT_BUNDLE_IDENTIFIER = com.vladvrublevsky.open2fa;
				PRODUCT_NAME = "$(TARGET_NAME)";
				SWIFT_VERSION = 5.0;
				TARGETED_DEVICE_FAMILY = "1,2";
			};
			name = Release;
		};
/* End XCBuildConfiguration section */

/* Begin XCConfigurationList section */
		CD87B4C7246F53B800E04D70 /* Build configuration list for PBXProject "open2fa" */ = {
			isa = XCConfigurationList;
			buildConfigurations = (
				CD87B4DE246F53B900E04D70 /* Debug */,
				CD87B4DF246F53B900E04D70 /* Release */,
			);
			defaultConfigurationIsVisible = 0;
			defaultConfigurationName = Release;
		};
		CD87B4E0246F53B900E04D70 /* Build configuration list for PBXNativeTarget "open2fa" */ = {
			isa = XCConfigurationList;
			buildConfigurations = (
				CD87B4E1246F53B900E04D70 /* Debug */,
				CD87B4E2246F53B900E04D70 /* Release */,
			);
			defaultConfigurationIsVisible = 0;
			defaultConfigurationName = Release;
		};
/* End XCConfigurationList section */

/* Begin XCRemoteSwiftPackageReference section */
		CD87B4E3246F53EB00E04D70 /* XCRemoteSwiftPackageReference "core-open2fa" */ = {
			isa = XCRemoteSwiftPackageReference;
			repositoryURL = "https://github.com/AginSquash/core-open2fa";
			requirement = {
				kind = upToNextMajorVersion;
				minimumVersion = 1.0.0;
			};
		};
/* End XCRemoteSwiftPackageReference section */

/* Begin XCSwiftPackageProductDependency section */
		CD87B4E4246F53EB00E04D70 /* core-open2fa */ = {
			isa = XCSwiftPackageProductDependency;
			package = CD87B4E3246F53EB00E04D70 /* XCRemoteSwiftPackageReference "core-open2fa" */;
			productName = "core-open2fa";
		};
/* End XCSwiftPackageProductDependency section */
	};
	rootObject = CD87B4C4246F53B800E04D70 /* Project object */;
}
