// !$*UTF8*$!
{
	archiveVersion = 1;
	classes = {
	};
	objectVersion = 54;
	objects = {

/* Begin PBXBuildFile section */
		CD0EF0242BDD554800F4FEB1 /* UserDefaultsService.swift in Sources */ = {isa = PBXBuildFile; fileRef = CD0EF0232BDD554800F4FEB1 /* UserDefaultsService.swift */; };
		CD0EF0262BDD74CC00F4FEB1 /* CloudKitService.swift in Sources */ = {isa = PBXBuildFile; fileRef = CD0EF0252BDD74CC00F4FEB1 /* CloudKitService.swift */; };
		CD104A312499897F005A8E47 /* PreferencesView.swift in Sources */ = {isa = PBXBuildFile; fileRef = CD104A302499897F005A8E47 /* PreferencesView.swift */; };
		CD188EBF2BD88CB00029D7E0 /* KeychainAccess in Frameworks */ = {isa = PBXBuildFile; productRef = CD188EBE2BD88CB00029D7E0 /* KeychainAccess */; };
		CD20FCD224D0F18D008F5E6A /* Localizable.strings in Resources */ = {isa = PBXBuildFile; fileRef = CD20FCD424D0F18D008F5E6A /* Localizable.strings */; };
		CD58E2E127885ADF00D9047E /* EditCodeView.swift in Sources */ = {isa = PBXBuildFile; fileRef = CD58E2E027885ADF00D9047E /* EditCodeView.swift */; };
		CD58E2E327885EA900D9047E /* XCTest.framework in Frameworks */ = {isa = PBXBuildFile; fileRef = CD58E2E227885EA900D9047E /* XCTest.framework */; };
		CD5ADD692BDC5352004956F8 /* LoginViewModel.swift in Sources */ = {isa = PBXBuildFile; fileRef = CD5ADD682BDC5352004956F8 /* LoginViewModel.swift */; };
		CD630CBD2BDE40F4004774C1 /* PublicEncryptData.swift in Sources */ = {isa = PBXBuildFile; fileRef = CD630CBC2BDE40F4004774C1 /* PublicEncryptData.swift */; };
		CD6A580128E49D930075C0CE /* GAuthDecrypt in Frameworks */ = {isa = PBXBuildFile; productRef = CD6A580028E49D930075C0CE /* GAuthDecrypt */; };
		CD7CA0ED248AD0DA00EA9B4B /* Core2FA_ViewModel.swift in Sources */ = {isa = PBXBuildFile; fileRef = CD7CA0EC248AD0DA00EA9B4B /* Core2FA_ViewModel.swift */; };
		CD7CA0EF248AD35800EA9B4B /* CodePreview.swift in Sources */ = {isa = PBXBuildFile; fileRef = CD7CA0EE248AD35800EA9B4B /* CodePreview.swift */; };
		CD7CA0F1248AFC8C00EA9B4B /* AddCodeView.swift in Sources */ = {isa = PBXBuildFile; fileRef = CD7CA0F0248AFC8C00EA9B4B /* AddCodeView.swift */; };
		CD87B4D0246F53B800E04D70 /* AppDelegate.swift in Sources */ = {isa = PBXBuildFile; fileRef = CD87B4CF246F53B800E04D70 /* AppDelegate.swift */; };
		CD87B4D2246F53B800E04D70 /* SceneDelegate.swift in Sources */ = {isa = PBXBuildFile; fileRef = CD87B4D1246F53B800E04D70 /* SceneDelegate.swift */; };
		CD87B4D4246F53B800E04D70 /* ContentView.swift in Sources */ = {isa = PBXBuildFile; fileRef = CD87B4D3246F53B800E04D70 /* ContentView.swift */; };
		CD87B4D6246F53B900E04D70 /* Assets.xcassets in Resources */ = {isa = PBXBuildFile; fileRef = CD87B4D5246F53B900E04D70 /* Assets.xcassets */; };
		CD87B4D9246F53B900E04D70 /* Preview Assets.xcassets in Resources */ = {isa = PBXBuildFile; fileRef = CD87B4D8246F53B900E04D70 /* Preview Assets.xcassets */; };
		CD87B4DC246F53B900E04D70 /* LaunchScreen.storyboard in Resources */ = {isa = PBXBuildFile; fileRef = CD87B4DA246F53B900E04D70 /* LaunchScreen.storyboard */; };
		CD8D71B424A3B7BA00A2C133 /* ImportView.swift in Sources */ = {isa = PBXBuildFile; fileRef = CD8D71B324A3B7BA00A2C133 /* ImportView.swift */; };
		CD8D71B624A3B7CE00A2C133 /* ExportView.swift in Sources */ = {isa = PBXBuildFile; fileRef = CD8D71B524A3B7CE00A2C133 /* ExportView.swift */; };
		CD8DEC62249A5CEB00CF7F98 /* LoginView.swift in Sources */ = {isa = PBXBuildFile; fileRef = CD8DEC61249A5CEB00CF7F98 /* LoginView.swift */; };
		CD9A8F2925B6F58C00DFD47F /* CodeScanner in Frameworks */ = {isa = PBXBuildFile; platformFilter = ios; productRef = CD9A8F2825B6F58C00DFD47F /* CodeScanner */; };
		CDA02C93263ACCFE0097882E /* CreditsView.swift in Sources */ = {isa = PBXBuildFile; fileRef = CDA02C92263ACCFE0097882E /* CreditsView.swift */; };
		CDA74CBE2BE064CB007C8D62 /* CloudImportView.swift in Sources */ = {isa = PBXBuildFile; fileRef = CDA74CBD2BE064CB007C8D62 /* CloudImportView.swift */; };
		CDA74CC22BE08ED8007C8D62 /* LocalAuthentication+BiometricType.swift in Sources */ = {isa = PBXBuildFile; fileRef = CDA74CC12BE08ED8007C8D62 /* LocalAuthentication+BiometricType.swift */; };
		CDA74CC62BE1E05F007C8D62 /* ImportViewModel.swift in Sources */ = {isa = PBXBuildFile; fileRef = CDA74CC52BE1E05F007C8D62 /* ImportViewModel.swift */; };
		CDA74CC82BE1F87E007C8D62 /* AccountsFileStruct.swift in Sources */ = {isa = PBXBuildFile; fileRef = CDA74CC72BE1F87E007C8D62 /* AccountsFileStruct.swift */; };
		CDB61AF32804572D001A0FA9 /* ExportServiceView.swift in Sources */ = {isa = PBXBuildFile; fileRef = CDB61AF22804572D001A0FA9 /* ExportServiceView.swift */; };
		CDB61AF52804614C001A0FA9 /* AuthView.swift in Sources */ = {isa = PBXBuildFile; fileRef = CDB61AF42804614C001A0FA9 /* AuthView.swift */; };
		CDD361F62BDD453E00583AC6 /* AccountData.swift in Sources */ = {isa = PBXBuildFile; fileRef = CDD361F52BDD453E00583AC6 /* AccountData.swift */; };
		CDD361F82BDD457000583AC6 /* AccountCurrentCode.swift in Sources */ = {isa = PBXBuildFile; fileRef = CDD361F72BDD457000583AC6 /* AccountCurrentCode.swift */; };
		CDD6703224EC13C40097D45D /* TimeLeftView.swift in Sources */ = {isa = PBXBuildFile; fileRef = CDD6703124EC13C40097D45D /* TimeLeftView.swift */; };
		CDDBFE6624A61A2000EE41AF /* KeychainService.swift in Sources */ = {isa = PBXBuildFile; fileRef = CDDBFE6524A61A2000EE41AF /* KeychainService.swift */; };
		CDDDB67A2BD5BD9B00FEB3F8 /* AccountModel.swift in Sources */ = {isa = PBXBuildFile; fileRef = CDDDB6792BD5BD9B00FEB3F8 /* AccountModel.swift */; };
		CDDDB67D2BD5C30600FEB3F8 /* IceCream in Frameworks */ = {isa = PBXBuildFile; productRef = CDDDB67C2BD5C30600FEB3F8 /* IceCream */; };
		CDDDB67F2BD5CB5200FEB3F8 /* StorageService.swift in Sources */ = {isa = PBXBuildFile; fileRef = CDDDB67E2BD5CB5200FEB3F8 /* StorageService.swift */; };
		CDDDB6812BD5EBB900FEB3F8 /* CryptoService.swift in Sources */ = {isa = PBXBuildFile; fileRef = CDDDB6802BD5EBB900FEB3F8 /* CryptoService.swift */; };
		CDE763042BD996DF00234D18 /* SwiftOTP in Frameworks */ = {isa = PBXBuildFile; productRef = CDE763032BD996DF00234D18 /* SwiftOTP */; };
		CDE763072BD998BE00234D18 /* CryptoSwift in Frameworks */ = {isa = PBXBuildFile; productRef = CDE763062BD998BE00234D18 /* CryptoSwift */; };
		CDE763092BD9A02F00234D18 /* tmp_core2fa.swift in Sources */ = {isa = PBXBuildFile; fileRef = CDE763082BD9A02F00234D18 /* tmp_core2fa.swift */; };
		CDEA8B262547243B006DA70A /* O2FADocument.swift in Sources */ = {isa = PBXBuildFile; fileRef = CDEA8B252547243B006DA70A /* O2FADocument.swift */; };
/* End PBXBuildFile section */

/* Begin PBXFileReference section */
		CD0EF0232BDD554800F4FEB1 /* UserDefaultsService.swift */ = {isa = PBXFileReference; lastKnownFileType = sourcecode.swift; path = UserDefaultsService.swift; sourceTree = "<group>"; };
		CD0EF0252BDD74CC00F4FEB1 /* CloudKitService.swift */ = {isa = PBXFileReference; lastKnownFileType = sourcecode.swift; path = CloudKitService.swift; sourceTree = "<group>"; };
		CD104A302499897F005A8E47 /* PreferencesView.swift */ = {isa = PBXFileReference; lastKnownFileType = sourcecode.swift; path = PreferencesView.swift; sourceTree = "<group>"; };
		CD20FCCF24D0F175008F5E6A /* ru */ = {isa = PBXFileReference; lastKnownFileType = text.plist.strings; name = ru; path = ru.lproj/LaunchScreen.strings; sourceTree = "<group>"; };
		CD20FCD324D0F18D008F5E6A /* ru */ = {isa = PBXFileReference; lastKnownFileType = text.plist.strings; name = ru; path = ru.lproj/Localizable.strings; sourceTree = "<group>"; };
		CD20FCD724D0F938008F5E6A /* be */ = {isa = PBXFileReference; lastKnownFileType = text.plist.strings; name = be; path = be.lproj/LaunchScreen.strings; sourceTree = "<group>"; };
		CD20FCD824D0F938008F5E6A /* be */ = {isa = PBXFileReference; lastKnownFileType = text.plist.strings; name = be; path = be.lproj/Localizable.strings; sourceTree = "<group>"; };
		CD58E2E027885ADF00D9047E /* EditCodeView.swift */ = {isa = PBXFileReference; lastKnownFileType = sourcecode.swift; path = EditCodeView.swift; sourceTree = "<group>"; };
		CD58E2E227885EA900D9047E /* XCTest.framework */ = {isa = PBXFileReference; lastKnownFileType = wrapper.framework; name = XCTest.framework; path = Platforms/MacOSX.platform/Developer/Library/Frameworks/XCTest.framework; sourceTree = DEVELOPER_DIR; };
		CD5ADD682BDC5352004956F8 /* LoginViewModel.swift */ = {isa = PBXFileReference; lastKnownFileType = sourcecode.swift; path = LoginViewModel.swift; sourceTree = "<group>"; };
		CD630CBC2BDE40F4004774C1 /* PublicEncryptData.swift */ = {isa = PBXFileReference; lastKnownFileType = sourcecode.swift; path = PublicEncryptData.swift; sourceTree = "<group>"; };
		CD6786FA24AB7F3C00422233 /* open2fa.entitlements */ = {isa = PBXFileReference; lastKnownFileType = text.plist.entitlements; path = open2fa.entitlements; sourceTree = "<group>"; };
		CD7CA0EC248AD0DA00EA9B4B /* Core2FA_ViewModel.swift */ = {isa = PBXFileReference; lastKnownFileType = sourcecode.swift; path = Core2FA_ViewModel.swift; sourceTree = "<group>"; };
		CD7CA0EE248AD35800EA9B4B /* CodePreview.swift */ = {isa = PBXFileReference; lastKnownFileType = sourcecode.swift; path = CodePreview.swift; sourceTree = "<group>"; };
		CD7CA0F0248AFC8C00EA9B4B /* AddCodeView.swift */ = {isa = PBXFileReference; lastKnownFileType = sourcecode.swift; path = AddCodeView.swift; sourceTree = "<group>"; };
		CD87B4CC246F53B800E04D70 /* open2fa.app */ = {isa = PBXFileReference; explicitFileType = wrapper.application; includeInIndex = 0; path = open2fa.app; sourceTree = BUILT_PRODUCTS_DIR; };
		CD87B4CF246F53B800E04D70 /* AppDelegate.swift */ = {isa = PBXFileReference; lastKnownFileType = sourcecode.swift; path = AppDelegate.swift; sourceTree = "<group>"; };
		CD87B4D1246F53B800E04D70 /* SceneDelegate.swift */ = {isa = PBXFileReference; lastKnownFileType = sourcecode.swift; path = SceneDelegate.swift; sourceTree = "<group>"; };
		CD87B4D3246F53B800E04D70 /* ContentView.swift */ = {isa = PBXFileReference; lastKnownFileType = sourcecode.swift; path = ContentView.swift; sourceTree = "<group>"; };
		CD87B4D5246F53B900E04D70 /* Assets.xcassets */ = {isa = PBXFileReference; lastKnownFileType = folder.assetcatalog; path = Assets.xcassets; sourceTree = "<group>"; };
		CD87B4D8246F53B900E04D70 /* Preview Assets.xcassets */ = {isa = PBXFileReference; lastKnownFileType = folder.assetcatalog; path = "Preview Assets.xcassets"; sourceTree = "<group>"; };
		CD87B4DB246F53B900E04D70 /* Base */ = {isa = PBXFileReference; lastKnownFileType = file.storyboard; name = Base; path = Base.lproj/LaunchScreen.storyboard; sourceTree = "<group>"; };
		CD87B4DD246F53B900E04D70 /* Info.plist */ = {isa = PBXFileReference; lastKnownFileType = text.plist.xml; path = Info.plist; sourceTree = "<group>"; };
		CD8D71B324A3B7BA00A2C133 /* ImportView.swift */ = {isa = PBXFileReference; lastKnownFileType = sourcecode.swift; path = ImportView.swift; sourceTree = "<group>"; };
		CD8D71B524A3B7CE00A2C133 /* ExportView.swift */ = {isa = PBXFileReference; lastKnownFileType = sourcecode.swift; path = ExportView.swift; sourceTree = "<group>"; };
		CD8DEC61249A5CEB00CF7F98 /* LoginView.swift */ = {isa = PBXFileReference; lastKnownFileType = sourcecode.swift; path = LoginView.swift; sourceTree = "<group>"; };
		CDA02C92263ACCFE0097882E /* CreditsView.swift */ = {isa = PBXFileReference; lastKnownFileType = sourcecode.swift; path = CreditsView.swift; sourceTree = "<group>"; };
		CDA74CBD2BE064CB007C8D62 /* CloudImportView.swift */ = {isa = PBXFileReference; lastKnownFileType = sourcecode.swift; path = CloudImportView.swift; sourceTree = "<group>"; };
		CDA74CC12BE08ED8007C8D62 /* LocalAuthentication+BiometricType.swift */ = {isa = PBXFileReference; lastKnownFileType = sourcecode.swift; path = "LocalAuthentication+BiometricType.swift"; sourceTree = "<group>"; };
		CDA74CC52BE1E05F007C8D62 /* ImportViewModel.swift */ = {isa = PBXFileReference; lastKnownFileType = sourcecode.swift; path = ImportViewModel.swift; sourceTree = "<group>"; };
		CDA74CC72BE1F87E007C8D62 /* AccountsFileStruct.swift */ = {isa = PBXFileReference; lastKnownFileType = sourcecode.swift; path = AccountsFileStruct.swift; sourceTree = "<group>"; };
		CDB61AF22804572D001A0FA9 /* ExportServiceView.swift */ = {isa = PBXFileReference; lastKnownFileType = sourcecode.swift; path = ExportServiceView.swift; sourceTree = "<group>"; };
		CDB61AF42804614C001A0FA9 /* AuthView.swift */ = {isa = PBXFileReference; lastKnownFileType = sourcecode.swift; path = AuthView.swift; sourceTree = "<group>"; };
		CDD361F52BDD453E00583AC6 /* AccountData.swift */ = {isa = PBXFileReference; lastKnownFileType = sourcecode.swift; path = AccountData.swift; sourceTree = "<group>"; };
		CDD361F72BDD457000583AC6 /* AccountCurrentCode.swift */ = {isa = PBXFileReference; lastKnownFileType = sourcecode.swift; path = AccountCurrentCode.swift; sourceTree = "<group>"; };
		CDD6703124EC13C40097D45D /* TimeLeftView.swift */ = {isa = PBXFileReference; lastKnownFileType = sourcecode.swift; path = TimeLeftView.swift; sourceTree = "<group>"; };
		CDDBFE6524A61A2000EE41AF /* KeychainService.swift */ = {isa = PBXFileReference; lastKnownFileType = sourcecode.swift; path = KeychainService.swift; sourceTree = "<group>"; };
		CDDDB6792BD5BD9B00FEB3F8 /* AccountModel.swift */ = {isa = PBXFileReference; lastKnownFileType = sourcecode.swift; path = AccountModel.swift; sourceTree = "<group>"; };
		CDDDB67E2BD5CB5200FEB3F8 /* StorageService.swift */ = {isa = PBXFileReference; lastKnownFileType = sourcecode.swift; path = StorageService.swift; sourceTree = "<group>"; };
		CDDDB6802BD5EBB900FEB3F8 /* CryptoService.swift */ = {isa = PBXFileReference; lastKnownFileType = sourcecode.swift; path = CryptoService.swift; sourceTree = "<group>"; };
		CDE763082BD9A02F00234D18 /* tmp_core2fa.swift */ = {isa = PBXFileReference; lastKnownFileType = sourcecode.swift; path = tmp_core2fa.swift; sourceTree = "<group>"; };
		CDEA8B252547243B006DA70A /* O2FADocument.swift */ = {isa = PBXFileReference; lastKnownFileType = sourcecode.swift; path = O2FADocument.swift; sourceTree = "<group>"; };
/* End PBXFileReference section */

/* Begin PBXFrameworksBuildPhase section */
		CD87B4C9246F53B800E04D70 /* Frameworks */ = {
			isa = PBXFrameworksBuildPhase;
			buildActionMask = 2147483647;
			files = (
				CD6A580128E49D930075C0CE /* GAuthDecrypt in Frameworks */,
				CD58E2E327885EA900D9047E /* XCTest.framework in Frameworks */,
				CD188EBF2BD88CB00029D7E0 /* KeychainAccess in Frameworks */,
				CDDDB67D2BD5C30600FEB3F8 /* IceCream in Frameworks */,
				CDE763042BD996DF00234D18 /* SwiftOTP in Frameworks */,
				CD9A8F2925B6F58C00DFD47F /* CodeScanner in Frameworks */,
				CDE763072BD998BE00234D18 /* CryptoSwift in Frameworks */,
			);
			runOnlyForDeploymentPostprocessing = 0;
		};
/* End PBXFrameworksBuildPhase section */

/* Begin PBXGroup section */
		CD87B4C3246F53B800E04D70 = {
			isa = PBXGroup;
			children = (
				CD87B4CE246F53B800E04D70 /* open2fa */,
				CD87B4CD246F53B800E04D70 /* Products */,
				CDC636EF2471DC8400F10540 /* Frameworks */,
			);
			sourceTree = "<group>";
		};
		CD87B4CD246F53B800E04D70 /* Products */ = {
			isa = PBXGroup;
			children = (
				CD87B4CC246F53B800E04D70 /* open2fa.app */,
			);
			name = Products;
			sourceTree = "<group>";
		};
		CD87B4CE246F53B800E04D70 /* open2fa */ = {
			isa = PBXGroup;
			children = (
				CDD361F92BDD45C100583AC6 /* Services */,
				CDDDB6732BD5BB3A00FEB3F8 /* Models */,
				CDD361F42BDD450400583AC6 /* ViewModels */,
				CDB6AB8624D6E91E00F552E7 /* Views */,
				CDA74CC02BE08E98007C8D62 /* Extensions */,
				CD6786FA24AB7F3C00422233 /* open2fa.entitlements */,
				CD87B4CF246F53B800E04D70 /* AppDelegate.swift */,
				CD87B4D1246F53B800E04D70 /* SceneDelegate.swift */,
				CDEA8B252547243B006DA70A /* O2FADocument.swift */,
				CD20FCD424D0F18D008F5E6A /* Localizable.strings */,
				CD87B4D5246F53B900E04D70 /* Assets.xcassets */,
				CD87B4DA246F53B900E04D70 /* LaunchScreen.storyboard */,
				CD87B4DD246F53B900E04D70 /* Info.plist */,
				CD87B4D7246F53B900E04D70 /* Preview Content */,
			);
			path = open2fa;
			sourceTree = "<group>";
		};
		CD87B4D7246F53B900E04D70 /* Preview Content */ = {
			isa = PBXGroup;
			children = (
				CD87B4D8246F53B900E04D70 /* Preview Assets.xcassets */,
			);
			path = "Preview Content";
			sourceTree = "<group>";
		};
		CDA74CC02BE08E98007C8D62 /* Extensions */ = {
			isa = PBXGroup;
			children = (
				CDA74CC12BE08ED8007C8D62 /* LocalAuthentication+BiometricType.swift */,
			);
			path = Extensions;
			sourceTree = "<group>";
		};
		CDB6AB8624D6E91E00F552E7 /* Views */ = {
			isa = PBXGroup;
			children = (
				CD8DEC61249A5CEB00CF7F98 /* LoginView.swift */,
				CD8D71B324A3B7BA00A2C133 /* ImportView.swift */,
				CD8D71B524A3B7CE00A2C133 /* ExportView.swift */,
				CD87B4D3246F53B800E04D70 /* ContentView.swift */,
				CD7CA0EE248AD35800EA9B4B /* CodePreview.swift */,
				CD104A302499897F005A8E47 /* PreferencesView.swift */,
				CD58E2E027885ADF00D9047E /* EditCodeView.swift */,
				CDB61AF42804614C001A0FA9 /* AuthView.swift */,
				CDB61AF22804572D001A0FA9 /* ExportServiceView.swift */,
				CDA02C92263ACCFE0097882E /* CreditsView.swift */,
				CD7CA0F0248AFC8C00EA9B4B /* AddCodeView.swift */,
				CDD6703124EC13C40097D45D /* TimeLeftView.swift */,
				CDA74CBD2BE064CB007C8D62 /* CloudImportView.swift */,
			);
			path = Views;
			sourceTree = "<group>";
		};
		CDC636EF2471DC8400F10540 /* Frameworks */ = {
			isa = PBXGroup;
			children = (
				CD58E2E227885EA900D9047E /* XCTest.framework */,
			);
			name = Frameworks;
			sourceTree = "<group>";
		};
		CDD361F42BDD450400583AC6 /* ViewModels */ = {
			isa = PBXGroup;
			children = (
				CD7CA0EC248AD0DA00EA9B4B /* Core2FA_ViewModel.swift */,
				CD5ADD682BDC5352004956F8 /* LoginViewModel.swift */,
				CDA74CC52BE1E05F007C8D62 /* ImportViewModel.swift */,
			);
			path = ViewModels;
			sourceTree = "<group>";
		};
		CDD361F92BDD45C100583AC6 /* Services */ = {
			isa = PBXGroup;
			children = (
				CDDBFE6524A61A2000EE41AF /* KeychainService.swift */,
				CDDDB67E2BD5CB5200FEB3F8 /* StorageService.swift */,
				CDDDB6802BD5EBB900FEB3F8 /* CryptoService.swift */,
				CD0EF0232BDD554800F4FEB1 /* UserDefaultsService.swift */,
				CD0EF0252BDD74CC00F4FEB1 /* CloudKitService.swift */,
			);
			path = Services;
			sourceTree = "<group>";
		};
		CDDDB6732BD5BB3A00FEB3F8 /* Models */ = {
			isa = PBXGroup;
			children = (
				CDDDB6792BD5BD9B00FEB3F8 /* AccountModel.swift */,
				CDD361F52BDD453E00583AC6 /* AccountData.swift */,
				CDD361F72BDD457000583AC6 /* AccountCurrentCode.swift */,
				CDE763082BD9A02F00234D18 /* tmp_core2fa.swift */,
				CD630CBC2BDE40F4004774C1 /* PublicEncryptData.swift */,
				CDA74CC72BE1F87E007C8D62 /* AccountsFileStruct.swift */,
			);
			path = Models;
			sourceTree = "<group>";
		};
/* End PBXGroup section */

/* Begin PBXNativeTarget section */
		CD87B4CB246F53B800E04D70 /* open2fa */ = {
			isa = PBXNativeTarget;
			buildConfigurationList = CD87B4E0246F53B900E04D70 /* Build configuration list for PBXNativeTarget "open2fa" */;
			buildPhases = (
				CD87B4C8246F53B800E04D70 /* Sources */,
				CD87B4C9246F53B800E04D70 /* Frameworks */,
				CD87B4CA246F53B800E04D70 /* Resources */,
			);
			buildRules = (
			);
			dependencies = (
			);
			name = open2fa;
			packageProductDependencies = (
				CD9A8F2825B6F58C00DFD47F /* CodeScanner */,
				CD6A580028E49D930075C0CE /* GAuthDecrypt */,
				CDDDB67C2BD5C30600FEB3F8 /* IceCream */,
				CD188EBE2BD88CB00029D7E0 /* KeychainAccess */,
				CDE763032BD996DF00234D18 /* SwiftOTP */,
				CDE763062BD998BE00234D18 /* CryptoSwift */,
			);
			productName = open2fa;
			productReference = CD87B4CC246F53B800E04D70 /* open2fa.app */;
			productType = "com.apple.product-type.application";
		};
/* End PBXNativeTarget section */

/* Begin PBXProject section */
		CD87B4C4246F53B800E04D70 /* Project object */ = {
			isa = PBXProject;
			attributes = {
				LastSwiftUpdateCheck = 1240;
				LastUpgradeCheck = 1140;
				ORGANIZATIONNAME = "Vlad Vrublevsky";
				TargetAttributes = {
					CD87B4CB246F53B800E04D70 = {
						CreatedOnToolsVersion = 11.4.1;
					};
				};
			};
			buildConfigurationList = CD87B4C7246F53B800E04D70 /* Build configuration list for PBXProject "open2fa" */;
			compatibilityVersion = "Xcode 9.3";
			developmentRegion = en;
			hasScannedForEncodings = 0;
			knownRegions = (
				en,
				Base,
				ru,
				be,
			);
			mainGroup = CD87B4C3246F53B800E04D70;
			packageReferences = (
				CD9A8F2725B6F58C00DFD47F /* XCRemoteSwiftPackageReference "CodeScanner" */,
				CD6A57FF28E49D930075C0CE /* XCRemoteSwiftPackageReference "GAuthDecrypt" */,
				CDDDB67B2BD5C30600FEB3F8 /* XCRemoteSwiftPackageReference "IceCream" */,
				CD188EBD2BD88CB00029D7E0 /* XCRemoteSwiftPackageReference "KeychainAccess" */,
				CDE763022BD996DF00234D18 /* XCRemoteSwiftPackageReference "SwiftOTP" */,
				CDE763052BD998BE00234D18 /* XCRemoteSwiftPackageReference "CryptoSwift" */,
			);
			productRefGroup = CD87B4CD246F53B800E04D70 /* Products */;
			projectDirPath = "";
			projectRoot = "";
			targets = (
				CD87B4CB246F53B800E04D70 /* open2fa */,
			);
		};
/* End PBXProject section */

/* Begin PBXResourcesBuildPhase section */
		CD87B4CA246F53B800E04D70 /* Resources */ = {
			isa = PBXResourcesBuildPhase;
			buildActionMask = 2147483647;
			files = (
				CD87B4DC246F53B900E04D70 /* LaunchScreen.storyboard in Resources */,
				CD20FCD224D0F18D008F5E6A /* Localizable.strings in Resources */,
				CD87B4D9246F53B900E04D70 /* Preview Assets.xcassets in Resources */,
				CD87B4D6246F53B900E04D70 /* Assets.xcassets in Resources */,
			);
			runOnlyForDeploymentPostprocessing = 0;
		};
/* End PBXResourcesBuildPhase section */

/* Begin PBXSourcesBuildPhase section */
		CD87B4C8246F53B800E04D70 /* Sources */ = {
			isa = PBXSourcesBuildPhase;
			buildActionMask = 2147483647;
			files = (
				CDE763092BD9A02F00234D18 /* tmp_core2fa.swift in Sources */,
				CD0EF0262BDD74CC00F4FEB1 /* CloudKitService.swift in Sources */,
				CD0EF0242BDD554800F4FEB1 /* UserDefaultsService.swift in Sources */,
				CDB61AF32804572D001A0FA9 /* ExportServiceView.swift in Sources */,
				CD5ADD692BDC5352004956F8 /* LoginViewModel.swift in Sources */,
				CDDDB67A2BD5BD9B00FEB3F8 /* AccountModel.swift in Sources */,
				CD58E2E127885ADF00D9047E /* EditCodeView.swift in Sources */,
				CD87B4D0246F53B800E04D70 /* AppDelegate.swift in Sources */,
				CDA02C93263ACCFE0097882E /* CreditsView.swift in Sources */,
				CDA74CC82BE1F87E007C8D62 /* AccountsFileStruct.swift in Sources */,
				CDDDB67F2BD5CB5200FEB3F8 /* StorageService.swift in Sources */,
				CDD361F62BDD453E00583AC6 /* AccountData.swift in Sources */,
				CD7CA0EF248AD35800EA9B4B /* CodePreview.swift in Sources */,
				CDD6703224EC13C40097D45D /* TimeLeftView.swift in Sources */,
				CDA74CBE2BE064CB007C8D62 /* CloudImportView.swift in Sources */,
				CD87B4D2246F53B800E04D70 /* SceneDelegate.swift in Sources */,
				CDDDB6812BD5EBB900FEB3F8 /* CryptoService.swift in Sources */,
				CDDBFE6624A61A2000EE41AF /* KeychainService.swift in Sources */,
				CD87B4D4246F53B800E04D70 /* ContentView.swift in Sources */,
				CD7CA0ED248AD0DA00EA9B4B /* Core2FA_ViewModel.swift in Sources */,
				CD630CBD2BDE40F4004774C1 /* PublicEncryptData.swift in Sources */,
				CD7CA0F1248AFC8C00EA9B4B /* AddCodeView.swift in Sources */,
				CD8DEC62249A5CEB00CF7F98 /* LoginView.swift in Sources */,
				CD8D71B424A3B7BA00A2C133 /* ImportView.swift in Sources */,
				CDEA8B262547243B006DA70A /* O2FADocument.swift in Sources */,
				CDA74CC22BE08ED8007C8D62 /* LocalAuthentication+BiometricType.swift in Sources */,
				CDB61AF52804614C001A0FA9 /* AuthView.swift in Sources */,
				CD8D71B624A3B7CE00A2C133 /* ExportView.swift in Sources */,
				CDD361F82BDD457000583AC6 /* AccountCurrentCode.swift in Sources */,
				CD104A312499897F005A8E47 /* PreferencesView.swift in Sources */,
				CDA74CC62BE1E05F007C8D62 /* ImportViewModel.swift in Sources */,
			);
			runOnlyForDeploymentPostprocessing = 0;
		};
/* End PBXSourcesBuildPhase section */

/* Begin PBXVariantGroup section */
		CD20FCD424D0F18D008F5E6A /* Localizable.strings */ = {
			isa = PBXVariantGroup;
			children = (
				CD20FCD324D0F18D008F5E6A /* ru */,
				CD20FCD824D0F938008F5E6A /* be */,
			);
			name = Localizable.strings;
			sourceTree = "<group>";
		};
		CD87B4DA246F53B900E04D70 /* LaunchScreen.storyboard */ = {
			isa = PBXVariantGroup;
			children = (
				CD87B4DB246F53B900E04D70 /* Base */,
				CD20FCCF24D0F175008F5E6A /* ru */,
				CD20FCD724D0F938008F5E6A /* be */,
			);
			name = LaunchScreen.storyboard;
			sourceTree = "<group>";
		};
/* End PBXVariantGroup section */

/* Begin XCBuildConfiguration section */
		CD87B4DE246F53B900E04D70 /* Debug */ = {
			isa = XCBuildConfiguration;
			buildSettings = {
				ALWAYS_SEARCH_USER_PATHS = NO;
				CLANG_ANALYZER_LOCALIZABILITY_NONLOCALIZED = YES;
				CLANG_ANALYZER_NONNULL = YES;
				CLANG_ANALYZER_NUMBER_OBJECT_CONVERSION = YES_AGGRESSIVE;
				CLANG_CXX_LANGUAGE_STANDARD = "gnu++14";
				CLANG_CXX_LIBRARY = "libc++";
				CLANG_ENABLE_MODULES = YES;
				CLANG_ENABLE_OBJC_ARC = YES;
				CLANG_ENABLE_OBJC_WEAK = YES;
				CLANG_WARN_BLOCK_CAPTURE_AUTORELEASING = YES;
				CLANG_WARN_BOOL_CONVERSION = YES;
				CLANG_WARN_COMMA = YES;
				CLANG_WARN_CONSTANT_CONVERSION = YES;
				CLANG_WARN_DEPRECATED_OBJC_IMPLEMENTATIONS = YES;
				CLANG_WARN_DIRECT_OBJC_ISA_USAGE = YES_ERROR;
				CLANG_WARN_DOCUMENTATION_COMMENTS = YES;
				CLANG_WARN_EMPTY_BODY = YES;
				CLANG_WARN_ENUM_CONVERSION = YES;
				CLANG_WARN_INFINITE_RECURSION = YES;
				CLANG_WARN_INT_CONVERSION = YES;
				CLANG_WARN_NON_LITERAL_NULL_CONVERSION = YES;
				CLANG_WARN_OBJC_IMPLICIT_RETAIN_SELF = YES;
				CLANG_WARN_OBJC_LITERAL_CONVERSION = YES;
				CLANG_WARN_OBJC_ROOT_CLASS = YES_ERROR;
				CLANG_WARN_RANGE_LOOP_ANALYSIS = YES;
				CLANG_WARN_STRICT_PROTOTYPES = YES;
				CLANG_WARN_SUSPICIOUS_MOVE = YES;
				CLANG_WARN_UNGUARDED_AVAILABILITY = YES_AGGRESSIVE;
				CLANG_WARN_UNREACHABLE_CODE = YES;
				CLANG_WARN__DUPLICATE_METHOD_MATCH = YES;
				COPY_PHASE_STRIP = NO;
				DEBUG_INFORMATION_FORMAT = dwarf;
				DERIVE_MACCATALYST_PRODUCT_BUNDLE_IDENTIFIER = NO;
				ENABLE_STRICT_OBJC_MSGSEND = YES;
				ENABLE_TESTABILITY = YES;
				GCC_C_LANGUAGE_STANDARD = gnu11;
				GCC_DYNAMIC_NO_PIC = NO;
				GCC_NO_COMMON_BLOCKS = YES;
				GCC_OPTIMIZATION_LEVEL = 0;
				GCC_PREPROCESSOR_DEFINITIONS = (
					"DEBUG=1",
					"$(inherited)",
				);
				GCC_WARN_64_TO_32_BIT_CONVERSION = YES;
				GCC_WARN_ABOUT_RETURN_TYPE = YES_ERROR;
				GCC_WARN_UNDECLARED_SELECTOR = YES;
				GCC_WARN_UNINITIALIZED_AUTOS = YES_AGGRESSIVE;
				GCC_WARN_UNUSED_FUNCTION = YES;
				GCC_WARN_UNUSED_VARIABLE = YES;
				IPHONEOS_DEPLOYMENT_TARGET = 15.0;
				MACOSX_DEPLOYMENT_TARGET = 11.0;
				MTL_ENABLE_DEBUG_INFO = INCLUDE_SOURCE;
				MTL_FAST_MATH = YES;
				ONLY_ACTIVE_ARCH = YES;
				SDKROOT = iphoneos;
				SUPPORTS_MACCATALYST = YES;
				SUPPORTS_MAC_DESIGNED_FOR_IPHONE_IPAD = YES;
				SWIFT_ACTIVE_COMPILATION_CONDITIONS = DEBUG;
				SWIFT_OPTIMIZATION_LEVEL = "-Onone";
			};
			name = Debug;
		};
		CD87B4DF246F53B900E04D70 /* Release */ = {
			isa = XCBuildConfiguration;
			buildSettings = {
				ALWAYS_SEARCH_USER_PATHS = NO;
				CLANG_ANALYZER_LOCALIZABILITY_NONLOCALIZED = YES;
				CLANG_ANALYZER_NONNULL = YES;
				CLANG_ANALYZER_NUMBER_OBJECT_CONVERSION = YES_AGGRESSIVE;
				CLANG_CXX_LANGUAGE_STANDARD = "gnu++14";
				CLANG_CXX_LIBRARY = "libc++";
				CLANG_ENABLE_MODULES = YES;
				CLANG_ENABLE_OBJC_ARC = YES;
				CLANG_ENABLE_OBJC_WEAK = YES;
				CLANG_WARN_BLOCK_CAPTURE_AUTORELEASING = YES;
				CLANG_WARN_BOOL_CONVERSION = YES;
				CLANG_WARN_COMMA = YES;
				CLANG_WARN_CONSTANT_CONVERSION = YES;
				CLANG_WARN_DEPRECATED_OBJC_IMPLEMENTATIONS = YES;
				CLANG_WARN_DIRECT_OBJC_ISA_USAGE = YES_ERROR;
				CLANG_WARN_DOCUMENTATION_COMMENTS = YES;
				CLANG_WARN_EMPTY_BODY = YES;
				CLANG_WARN_ENUM_CONVERSION = YES;
				CLANG_WARN_INFINITE_RECURSION = YES;
				CLANG_WARN_INT_CONVERSION = YES;
				CLANG_WARN_NON_LITERAL_NULL_CONVERSION = YES;
				CLANG_WARN_OBJC_IMPLICIT_RETAIN_SELF = YES;
				CLANG_WARN_OBJC_LITERAL_CONVERSION = YES;
				CLANG_WARN_OBJC_ROOT_CLASS = YES_ERROR;
				CLANG_WARN_RANGE_LOOP_ANALYSIS = YES;
				CLANG_WARN_STRICT_PROTOTYPES = YES;
				CLANG_WARN_SUSPICIOUS_MOVE = YES;
				CLANG_WARN_UNGUARDED_AVAILABILITY = YES_AGGRESSIVE;
				CLANG_WARN_UNREACHABLE_CODE = YES;
				CLANG_WARN__DUPLICATE_METHOD_MATCH = YES;
				COPY_PHASE_STRIP = NO;
				DEBUG_INFORMATION_FORMAT = "dwarf-with-dsym";
				DERIVE_MACCATALYST_PRODUCT_BUNDLE_IDENTIFIER = NO;
				ENABLE_NS_ASSERTIONS = NO;
				ENABLE_STRICT_OBJC_MSGSEND = YES;
				GCC_C_LANGUAGE_STANDARD = gnu11;
				GCC_NO_COMMON_BLOCKS = YES;
				GCC_WARN_64_TO_32_BIT_CONVERSION = YES;
				GCC_WARN_ABOUT_RETURN_TYPE = YES_ERROR;
				GCC_WARN_UNDECLARED_SELECTOR = YES;
				GCC_WARN_UNINITIALIZED_AUTOS = YES_AGGRESSIVE;
				GCC_WARN_UNUSED_FUNCTION = YES;
				GCC_WARN_UNUSED_VARIABLE = YES;
				IPHONEOS_DEPLOYMENT_TARGET = 15.0;
				MACOSX_DEPLOYMENT_TARGET = 11.0;
				MTL_ENABLE_DEBUG_INFO = NO;
				MTL_FAST_MATH = YES;
				SDKROOT = iphoneos;
				SUPPORTS_MACCATALYST = YES;
				SUPPORTS_MAC_DESIGNED_FOR_IPHONE_IPAD = YES;
				SWIFT_COMPILATION_MODE = wholemodule;
				SWIFT_OPTIMIZATION_LEVEL = "-O";
				VALIDATE_PRODUCT = YES;
			};
			name = Release;
		};
		CD87B4E1246F53B900E04D70 /* Debug */ = {
			isa = XCBuildConfiguration;
			buildSettings = {
				ASSETCATALOG_COMPILER_APPICON_NAME = AppIcon;
				CODE_SIGN_ENTITLEMENTS = open2fa/open2fa.entitlements;
				CODE_SIGN_IDENTITY = "Apple Development";
				CODE_SIGN_STYLE = Automatic;
				CURRENT_PROJECT_VERSION = 180;
				DEVELOPMENT_ASSET_PATHS = "\"open2fa/Preview Content\"";
				DEVELOPMENT_TEAM = Z7788V56C7;
				ENABLE_PREVIEWS = YES;
				INFOPLIST_FILE = open2fa/Info.plist;
				INFOPLIST_KEY_CFBundleDisplayName = Open2FA;
				INFOPLIST_KEY_LSApplicationCategoryType = "public.app-category.utilities";
				IPHONEOS_DEPLOYMENT_TARGET = 15.0;
				"IPHONEOS_DEPLOYMENT_TARGET[sdk=macosx*]" = 15.0;
				LD_RUNPATH_SEARCH_PATHS = (
					"$(inherited)",
					"@executable_path/Frameworks",
				);
				MARKETING_VERSION = 1.8.0;
				OTHER_LDFLAGS = (
					"-weak_framework",
					"\"XCTest\"",
				);
				PRODUCT_BUNDLE_IDENTIFIER = com.vladvrublevsky.open2fa;
				PRODUCT_NAME = "$(TARGET_NAME)";
				PROVISIONING_PROFILE_SPECIFIER = "";
				SUPPORTED_PLATFORMS = "iphoneos iphonesimulator";
				SUPPORTS_MACCATALYST = YES;
				SUPPORTS_MAC_DESIGNED_FOR_IPHONE_IPAD = NO;
				SWIFT_VERSION = 5.0;
				TARGETED_DEVICE_FAMILY = "1,2";
			};
			name = Debug;
		};
		CD87B4E2246F53B900E04D70 /* Release */ = {
			isa = XCBuildConfiguration;
			buildSettings = {
				ASSETCATALOG_COMPILER_APPICON_NAME = AppIcon;
				CODE_SIGN_ENTITLEMENTS = open2fa/open2fa.entitlements;
				CODE_SIGN_IDENTITY = "Apple Development";
				CODE_SIGN_STYLE = Automatic;
				CURRENT_PROJECT_VERSION = 180;
				DEVELOPMENT_ASSET_PATHS = "\"open2fa/Preview Content\"";
				DEVELOPMENT_TEAM = Z7788V56C7;
				ENABLE_PREVIEWS = YES;
				INFOPLIST_FILE = open2fa/Info.plist;
				INFOPLIST_KEY_CFBundleDisplayName = Open2FA;
				INFOPLIST_KEY_LSApplicationCategoryType = "public.app-category.utilities";
				IPHONEOS_DEPLOYMENT_TARGET = 15.0;
				"IPHONEOS_DEPLOYMENT_TARGET[sdk=macosx*]" = 15.0;
				LD_RUNPATH_SEARCH_PATHS = (
					"$(inherited)",
					"@executable_path/Frameworks",
				);
				MARKETING_VERSION = 1.8.0;
				OTHER_LDFLAGS = (
					"-weak_framework",
					"\"XCTest\"",
				);
				PRODUCT_BUNDLE_IDENTIFIER = com.vladvrublevsky.open2fa;
				PRODUCT_NAME = "$(TARGET_NAME)";
				PROVISIONING_PROFILE_SPECIFIER = "";
				SUPPORTED_PLATFORMS = "iphoneos iphonesimulator";
				SUPPORTS_MACCATALYST = YES;
				SUPPORTS_MAC_DESIGNED_FOR_IPHONE_IPAD = NO;
				SWIFT_VERSION = 5.0;
				TARGETED_DEVICE_FAMILY = "1,2";
			};
			name = Release;
		};
/* End XCBuildConfiguration section */

/* Begin XCConfigurationList section */
		CD87B4C7246F53B800E04D70 /* Build configuration list for PBXProject "open2fa" */ = {
			isa = XCConfigurationList;
			buildConfigurations = (
				CD87B4DE246F53B900E04D70 /* Debug */,
				CD87B4DF246F53B900E04D70 /* Release */,
			);
			defaultConfigurationIsVisible = 0;
			defaultConfigurationName = Release;
		};
		CD87B4E0246F53B900E04D70 /* Build configuration list for PBXNativeTarget "open2fa" */ = {
			isa = XCConfigurationList;
			buildConfigurations = (
				CD87B4E1246F53B900E04D70 /* Debug */,
				CD87B4E2246F53B900E04D70 /* Release */,
			);
			defaultConfigurationIsVisible = 0;
			defaultConfigurationName = Release;
		};
/* End XCConfigurationList section */

/* Begin XCRemoteSwiftPackageReference section */
		CD188EBD2BD88CB00029D7E0 /* XCRemoteSwiftPackageReference "KeychainAccess" */ = {
			isa = XCRemoteSwiftPackageReference;
			repositoryURL = "https://github.com/kishikawakatsumi/KeychainAccess";
			requirement = {
				branch = master;
				kind = branch;
			};
		};
		CD6A57FF28E49D930075C0CE /* XCRemoteSwiftPackageReference "GAuthDecrypt" */ = {
			isa = XCRemoteSwiftPackageReference;
			repositoryURL = "https://github.com/AginSquash/GAuthDecrypt";
			requirement = {
				kind = upToNextMajorVersion;
				minimumVersion = 2.0.0;
			};
		};
		CD9A8F2725B6F58C00DFD47F /* XCRemoteSwiftPackageReference "CodeScanner" */ = {
			isa = XCRemoteSwiftPackageReference;
			repositoryURL = "https://github.com/twostraws/CodeScanner";
			requirement = {
				kind = upToNextMajorVersion;
				minimumVersion = 1.0.7;
			};
		};
		CDDDB67B2BD5C30600FEB3F8 /* XCRemoteSwiftPackageReference "IceCream" */ = {
			isa = XCRemoteSwiftPackageReference;
			repositoryURL = "https://github.com/leoz/IceCream/";
			requirement = {
				branch = master;
				kind = branch;
			};
		};
		CDE763022BD996DF00234D18 /* XCRemoteSwiftPackageReference "SwiftOTP" */ = {
			isa = XCRemoteSwiftPackageReference;
			repositoryURL = "https://github.com/lachlanbell/SwiftOTP";
			requirement = {
				kind = upToNextMajorVersion;
				minimumVersion = 3.0.2;
			};
		};
		CDE763052BD998BE00234D18 /* XCRemoteSwiftPackageReference "CryptoSwift" */ = {
			isa = XCRemoteSwiftPackageReference;
			repositoryURL = "https://github.com/krzyzanowskim/CryptoSwift";
			requirement = {
				kind = upToNextMajorVersion;
				minimumVersion = 1.8.2;
			};
		};
/* End XCRemoteSwiftPackageReference section */

/* Begin XCSwiftPackageProductDependency section */
		CD188EBE2BD88CB00029D7E0 /* KeychainAccess */ = {
			isa = XCSwiftPackageProductDependency;
			package = CD188EBD2BD88CB00029D7E0 /* XCRemoteSwiftPackageReference "KeychainAccess" */;
			productName = KeychainAccess;
		};
		CD6A580028E49D930075C0CE /* GAuthDecrypt */ = {
			isa = XCSwiftPackageProductDependency;
			package = CD6A57FF28E49D930075C0CE /* XCRemoteSwiftPackageReference "GAuthDecrypt" */;
			productName = GAuthDecrypt;
		};
		CD9A8F2825B6F58C00DFD47F /* CodeScanner */ = {
			isa = XCSwiftPackageProductDependency;
			package = CD9A8F2725B6F58C00DFD47F /* XCRemoteSwiftPackageReference "CodeScanner" */;
			productName = CodeScanner;
		};
		CDDDB67C2BD5C30600FEB3F8 /* IceCream */ = {
			isa = XCSwiftPackageProductDependency;
			package = CDDDB67B2BD5C30600FEB3F8 /* XCRemoteSwiftPackageReference "IceCream" */;
			productName = IceCream;
		};
		CDE763032BD996DF00234D18 /* SwiftOTP */ = {
			isa = XCSwiftPackageProductDependency;
			package = CDE763022BD996DF00234D18 /* XCRemoteSwiftPackageReference "SwiftOTP" */;
			productName = SwiftOTP;
		};
		CDE763062BD998BE00234D18 /* CryptoSwift */ = {
			isa = XCSwiftPackageProductDependency;
			package = CDE763052BD998BE00234D18 /* XCRemoteSwiftPackageReference "CryptoSwift" */;
			productName = CryptoSwift;
		};
/* End XCSwiftPackageProductDependency section */
	};
	rootObject = CD87B4C4246F53B800E04D70 /* Project object */;
}
